// !$*UTF8*$!
{
	archiveVersion = 1;
	classes = {
	};
	objectVersion = 56;
	objects = {

/* Begin PBXBuildFile section */
		5243F23E2E8F27C70051A731 /* OnboardingView.swift in Sources */ = {isa = PBXBuildFile; fileRef = 5243F23D2E8F27C70051A731 /* OnboardingView.swift */; };
		5243F2422E900F440051A731 /* SleepEntry.swift in Sources */ = {isa = PBXBuildFile; fileRef = 5243F23F2E900F440051A731 /* SleepEntry.swift */; };
		5243F2432E900F440051A731 /* SleepManager.swift in Sources */ = {isa = PBXBuildFile; fileRef = 5243F2402E900F440051A731 /* SleepManager.swift */; };
		5243F2442E900F440051A731 /* SleepTrackingView.swift in Sources */ = {isa = PBXBuildFile; fileRef = 5243F2412E900F440051A731 /* SleepTrackingView.swift */; };
		5243F24A2E9029970051A731 /* MoodEntry.swift in Sources */ = {isa = PBXBuildFile; fileRef = 5243F2472E9029970051A731 /* MoodEntry.swift */; };
		5243F24B2E9029970051A731 /* MoodManager.swift in Sources */ = {isa = PBXBuildFile; fileRef = 5243F2482E9029970051A731 /* MoodManager.swift */; };
		5243F24C2E9029970051A731 /* MoodTrackingView.swift in Sources */ = {isa = PBXBuildFile; fileRef = 5243F2492E9029970051A731 /* MoodTrackingView.swift */; };
		5289E06D2E8D0DAD00254E70 /* InsightsView.swift in Sources */ = {isa = PBXBuildFile; fileRef = 5289E06C2E8D0DAD00254E70 /* InsightsView.swift */; };
		5289E0752E8D5F6500254E70 /* AdvancedView.swift in Sources */ = {isa = PBXBuildFile; fileRef = 5289E06F2E8D5F6500254E70 /* AdvancedView.swift */; };
		5289E0762E8D5F6500254E70 /* WeightEntry.swift in Sources */ = {isa = PBXBuildFile; fileRef = 5289E0712E8D5F6500254E70 /* WeightEntry.swift */; };
		5289E0772E8D5F6500254E70 /* WeightManager.swift in Sources */ = {isa = PBXBuildFile; fileRef = 5289E0722E8D5F6500254E70 /* WeightManager.swift */; };
		5289E0782E8D5F6500254E70 /* WeightTrackingView.swift in Sources */ = {isa = PBXBuildFile; fileRef = 5289E0742E8D5F6500254E70 /* WeightTrackingView.swift */; };
		5289E0792E8D5F6500254E70 /* AddWeightView.swift in Sources */ = {isa = PBXBuildFile; fileRef = 5289E06E2E8D5F6500254E70 /* AddWeightView.swift */; };
		5289E07A2E8D5F6500254E70 /* WeightSettingsView.swift in Sources */ = {isa = PBXBuildFile; fileRef = 5289E0732E8D5F6500254E70 /* WeightSettingsView.swift */; };
		5289E07B2E8D5F6500254E70 /* HealthKitManager.swift in Sources */ = {isa = PBXBuildFile; fileRef = 5289E0702E8D5F6500254E70 /* HealthKitManager.swift */; };
		5289E07D2E8D700000254E70 /* HydrationManager.swift in Sources */ = {isa = PBXBuildFile; fileRef = 5289E07E2E8D700000254E70 /* HydrationManager.swift */; };
		5289E07F2E8D700100254E70 /* HydrationTrackingView.swift in Sources */ = {isa = PBXBuildFile; fileRef = 5289E0802E8D700100254E70 /* HydrationTrackingView.swift */; };
		5289E0812E8D700200254E70 /* HydrationHistoryView.swift in Sources */ = {isa = PBXBuildFile; fileRef = 5289E0822E8D700200254E70 /* HydrationHistoryView.swift */; };
		A1000001000000000000001 /* FastingTrackerApp.swift in Sources */ = {isa = PBXBuildFile; fileRef = A1000002000000000000001 /* FastingTrackerApp.swift */; };
		A1000003000000000000001 /* ContentView.swift in Sources */ = {isa = PBXBuildFile; fileRef = A1000004000000000000001 /* ContentView.swift */; };
		A1000005000000000000001 /* HistoryView.swift in Sources */ = {isa = PBXBuildFile; fileRef = A1000006000000000000001 /* HistoryView.swift */; };
		A1000007000000000000001 /* FastingSession.swift in Sources */ = {isa = PBXBuildFile; fileRef = A1000008000000000000001 /* FastingSession.swift */; };
		A1000009000000000000001 /* FastingManager.swift in Sources */ = {isa = PBXBuildFile; fileRef = A1000010000000000000001 /* FastingManager.swift */; };
		A1000011000000000000001 /* NotificationManager.swift in Sources */ = {isa = PBXBuildFile; fileRef = A1000012000000000000001 /* NotificationManager.swift */; };
		A1000013000000000000001 /* Assets.xcassets in Resources */ = {isa = PBXBuildFile; fileRef = A1000014000000000000001 /* Assets.xcassets */; };
		FF00000100000000000000A1 /* FastingStage.swift in Sources */ = {isa = PBXBuildFile; fileRef = FF00000200000000000000A1 /* FastingStage.swift */; };
		FF00000300000000000000A1 /* FastingStageDetailView.swift in Sources */ = {isa = PBXBuildFile; fileRef = FF00000400000000000000A1 /* FastingStageDetailView.swift */; };
		FF00000500000000000000A1 /* AnalyticsView.swift in Sources */ = {isa = PBXBuildFile; fileRef = FF00000600000000000000A1 /* AnalyticsView.swift */; };
/* End PBXBuildFile section */

/* Begin PBXFileReference section */
		5243F23D2E8F27C70051A731 /* OnboardingView.swift */ = {isa = PBXFileReference; lastKnownFileType = sourcecode.swift; path = OnboardingView.swift; sourceTree = "<group>"; };
		5243F23F2E900F440051A731 /* SleepEntry.swift */ = {isa = PBXFileReference; lastKnownFileType = sourcecode.swift; path = SleepEntry.swift; sourceTree = "<group>"; };
		5243F2402E900F440051A731 /* SleepManager.swift */ = {isa = PBXFileReference; lastKnownFileType = sourcecode.swift; path = SleepManager.swift; sourceTree = "<group>"; };
		5243F2412E900F440051A731 /* SleepTrackingView.swift */ = {isa = PBXFileReference; lastKnownFileType = sourcecode.swift; path = SleepTrackingView.swift; sourceTree = "<group>"; };
		5243F2472E9029970051A731 /* MoodEntry.swift */ = {isa = PBXFileReference; lastKnownFileType = sourcecode.swift; path = MoodEntry.swift; sourceTree = "<group>"; };
		5243F2482E9029970051A731 /* MoodManager.swift */ = {isa = PBXFileReference; lastKnownFileType = sourcecode.swift; path = MoodManager.swift; sourceTree = "<group>"; };
		5243F2492E9029970051A731 /* MoodTrackingView.swift */ = {isa = PBXFileReference; lastKnownFileType = sourcecode.swift; path = MoodTrackingView.swift; sourceTree = "<group>"; };
		5289E06C2E8D0DAD00254E70 /* InsightsView.swift */ = {isa = PBXFileReference; lastKnownFileType = sourcecode.swift; path = InsightsView.swift; sourceTree = "<group>"; };
		5289E06E2E8D5F6500254E70 /* AddWeightView.swift */ = {isa = PBXFileReference; lastKnownFileType = sourcecode.swift; path = AddWeightView.swift; sourceTree = "<group>"; };
		5289E06F2E8D5F6500254E70 /* AdvancedView.swift */ = {isa = PBXFileReference; lastKnownFileType = sourcecode.swift; path = AdvancedView.swift; sourceTree = "<group>"; };
		5289E0702E8D5F6500254E70 /* HealthKitManager.swift */ = {isa = PBXFileReference; lastKnownFileType = sourcecode.swift; path = HealthKitManager.swift; sourceTree = "<group>"; };
		5289E0712E8D5F6500254E70 /* WeightEntry.swift */ = {isa = PBXFileReference; lastKnownFileType = sourcecode.swift; path = WeightEntry.swift; sourceTree = "<group>"; };
		5289E0722E8D5F6500254E70 /* WeightManager.swift */ = {isa = PBXFileReference; lastKnownFileType = sourcecode.swift; path = WeightManager.swift; sourceTree = "<group>"; };
		5289E0732E8D5F6500254E70 /* WeightSettingsView.swift */ = {isa = PBXFileReference; lastKnownFileType = sourcecode.swift; path = WeightSettingsView.swift; sourceTree = "<group>"; };
		5289E0742E8D5F6500254E70 /* WeightTrackingView.swift */ = {isa = PBXFileReference; lastKnownFileType = sourcecode.swift; path = WeightTrackingView.swift; sourceTree = "<group>"; };
		5289E07C2E8D600A00254E70 /* FastingTracker.entitlements */ = {isa = PBXFileReference; lastKnownFileType = text.plist.entitlements; path = FastingTracker.entitlements; sourceTree = "<group>"; };
		5289E07E2E8D700000254E70 /* HydrationManager.swift */ = {isa = PBXFileReference; lastKnownFileType = sourcecode.swift; path = HydrationManager.swift; sourceTree = "<group>"; };
		5289E0802E8D700100254E70 /* HydrationTrackingView.swift */ = {isa = PBXFileReference; lastKnownFileType = sourcecode.swift; path = HydrationTrackingView.swift; sourceTree = "<group>"; };
		5289E0822E8D700200254E70 /* HydrationHistoryView.swift */ = {isa = PBXFileReference; lastKnownFileType = sourcecode.swift; path = HydrationHistoryView.swift; sourceTree = "<group>"; };
		A1000002000000000000001 /* FastingTrackerApp.swift */ = {isa = PBXFileReference; lastKnownFileType = sourcecode.swift; path = FastingTrackerApp.swift; sourceTree = "<group>"; };
		A1000004000000000000001 /* ContentView.swift */ = {isa = PBXFileReference; lastKnownFileType = sourcecode.swift; path = ContentView.swift; sourceTree = "<group>"; };
		A1000006000000000000001 /* HistoryView.swift */ = {isa = PBXFileReference; lastKnownFileType = sourcecode.swift; path = HistoryView.swift; sourceTree = "<group>"; };
		A1000008000000000000001 /* FastingSession.swift */ = {isa = PBXFileReference; lastKnownFileType = sourcecode.swift; path = FastingSession.swift; sourceTree = "<group>"; };
		A1000010000000000000001 /* FastingManager.swift */ = {isa = PBXFileReference; lastKnownFileType = sourcecode.swift; path = FastingManager.swift; sourceTree = "<group>"; };
		A1000012000000000000001 /* NotificationManager.swift */ = {isa = PBXFileReference; lastKnownFileType = sourcecode.swift; path = NotificationManager.swift; sourceTree = "<group>"; };
		A1000014000000000000001 /* Assets.xcassets */ = {isa = PBXFileReference; lastKnownFileType = folder.assetcatalog; path = Assets.xcassets; sourceTree = "<group>"; };
		A1000015000000000000001 /* Fast lIFe.app */ = {isa = PBXFileReference; explicitFileType = wrapper.application; includeInIndex = 0; path = "Fast lIFe.app"; sourceTree = BUILT_PRODUCTS_DIR; };
		A1000016000000000000001 /* Info.plist */ = {isa = PBXFileReference; lastKnownFileType = text.plist.xml; path = Info.plist; sourceTree = "<group>"; };
		FF00000200000000000000A1 /* FastingStage.swift */ = {isa = PBXFileReference; lastKnownFileType = sourcecode.swift; path = FastingStage.swift; sourceTree = "<group>"; };
		FF00000400000000000000A1 /* FastingStageDetailView.swift */ = {isa = PBXFileReference; lastKnownFileType = sourcecode.swift; path = FastingStageDetailView.swift; sourceTree = "<group>"; };
		FF00000600000000000000A1 /* AnalyticsView.swift */ = {isa = PBXFileReference; lastKnownFileType = sourcecode.swift; path = AnalyticsView.swift; sourceTree = "<group>"; };
/* End PBXFileReference section */

/* Begin PBXFrameworksBuildPhase section */
		A1000017000000000000001 /* Frameworks */ = {
			isa = PBXFrameworksBuildPhase;
			buildActionMask = 2147483647;
			files = (
			);
			runOnlyForDeploymentPostprocessing = 0;
		};
/* End PBXFrameworksBuildPhase section */

/* Begin PBXGroup section */
		A1000018000000000000001 = {
			isa = PBXGroup;
			children = (
				A1000019000000000000001 /* FastingTracker */,
				A1000020000000000000001 /* Products */,
			);
			sourceTree = "<group>";
		};
		A1000019000000000000001 /* FastingTracker */ = {
			isa = PBXGroup;
			children = (
				FF00000200000000000000A1 /* FastingStage.swift */,
				FF00000400000000000000A1 /* FastingStageDetailView.swift */,
				FF00000600000000000000A1 /* AnalyticsView.swift */,
				5243F2472E9029970051A731 /* MoodEntry.swift */,
				5243F2482E9029970051A731 /* MoodManager.swift */,
				5243F2492E9029970051A731 /* MoodTrackingView.swift */,
				5243F23F2E900F440051A731 /* SleepEntry.swift */,
				5243F2402E900F440051A731 /* SleepManager.swift */,
				5243F2412E900F440051A731 /* SleepTrackingView.swift */,
				5243F23D2E8F27C70051A731 /* OnboardingView.swift */,
				5289E07C2E8D600A00254E70 /* FastingTracker.entitlements */,
				5289E06E2E8D5F6500254E70 /* AddWeightView.swift */,
				5289E06F2E8D5F6500254E70 /* AdvancedView.swift */,
				5289E0702E8D5F6500254E70 /* HealthKitManager.swift */,
				5289E0822E8D700200254E70 /* HydrationHistoryView.swift */,
				5289E07E2E8D700000254E70 /* HydrationManager.swift */,
				5289E0802E8D700100254E70 /* HydrationTrackingView.swift */,
				5289E0712E8D5F6500254E70 /* WeightEntry.swift */,
				5289E0722E8D5F6500254E70 /* WeightManager.swift */,
				5289E0732E8D5F6500254E70 /* WeightSettingsView.swift */,
				5289E0742E8D5F6500254E70 /* WeightTrackingView.swift */,
				5289E06C2E8D0DAD00254E70 /* InsightsView.swift */,
				A1000002000000000000001 /* FastingTrackerApp.swift */,
				A1000004000000000000001 /* ContentView.swift */,
				A1000006000000000000001 /* HistoryView.swift */,
				A1000008000000000000001 /* FastingSession.swift */,
				A1000010000000000000001 /* FastingManager.swift */,
				A1000012000000000000001 /* NotificationManager.swift */,
				A1000014000000000000001 /* Assets.xcassets */,
				A1000016000000000000001 /* Info.plist */,
			);
			path = FastingTracker;
			sourceTree = "<group>";
		};
		A1000020000000000000001 /* Products */ = {
			isa = PBXGroup;
			children = (
				A1000015000000000000001 /* Fast lIFe.app */,
			);
			name = Products;
			sourceTree = "<group>";
		};
/* End PBXGroup section */

/* Begin PBXNativeTarget section */
		A1000021000000000000001 /* FastingTracker */ = {
			isa = PBXNativeTarget;
			buildConfigurationList = A1000022000000000000001 /* Build configuration list for PBXNativeTarget "FastingTracker" */;
			buildPhases = (
				A1000023000000000000001 /* Sources */,
				A1000017000000000000001 /* Frameworks */,
				A1000024000000000000001 /* Resources */,
			);
			buildRules = (
			);
			dependencies = (
			);
			name = FastingTracker;
			productName = FastingTracker;
			productReference = A1000015000000000000001 /* Fast lIFe.app */;
			productType = "com.apple.product-type.application";
		};
/* End PBXNativeTarget section */

/* Begin PBXProject section */
		A1000025000000000000001 /* Project object */ = {
			isa = PBXProject;
			attributes = {
				BuildIndependentTargetsInParallel = 1;
				LastSwiftUpdateCheck = 1500;
				LastUpgradeCheck = 1640;
				TargetAttributes = {
					A1000021000000000000001 = {
						CreatedOnToolsVersion = 15.0;
					};
				};
			};
			buildConfigurationList = A1000026000000000000001 /* Build configuration list for PBXProject "FastingTracker" */;
			compatibilityVersion = "Xcode 14.0";
			developmentRegion = en;
			hasScannedForEncodings = 0;
			knownRegions = (
				en,
				Base,
			);
			mainGroup = A1000018000000000000001;
			productRefGroup = A1000020000000000000001 /* Products */;
			projectDirPath = "";
			projectRoot = "";
			targets = (
				A1000021000000000000001 /* FastingTracker */,
			);
		};
/* End PBXProject section */

/* Begin PBXResourcesBuildPhase section */
		A1000024000000000000001 /* Resources */ = {
			isa = PBXResourcesBuildPhase;
			buildActionMask = 2147483647;
			files = (
				A1000013000000000000001 /* Assets.xcassets in Resources */,
			);
			runOnlyForDeploymentPostprocessing = 0;
		};
/* End PBXResourcesBuildPhase section */

/* Begin PBXSourcesBuildPhase section */
		A1000023000000000000001 /* Sources */ = {
			isa = PBXSourcesBuildPhase;
			buildActionMask = 2147483647;
			files = (
				A1000001000000000000001 /* FastingTrackerApp.swift in Sources */,
				5289E0752E8D5F6500254E70 /* AdvancedView.swift in Sources */,
				5289E0762E8D5F6500254E70 /* WeightEntry.swift in Sources */,
				5243F23E2E8F27C70051A731 /* OnboardingView.swift in Sources */,
				5289E0772E8D5F6500254E70 /* WeightManager.swift in Sources */,
				5243F2422E900F440051A731 /* SleepEntry.swift in Sources */,
				5243F2432E900F440051A731 /* SleepManager.swift in Sources */,
				5243F2442E900F440051A731 /* SleepTrackingView.swift in Sources */,
				5289E0782E8D5F6500254E70 /* WeightTrackingView.swift in Sources */,
				5243F24A2E9029970051A731 /* MoodEntry.swift in Sources */,
				5243F24B2E9029970051A731 /* MoodManager.swift in Sources */,
				5243F24C2E9029970051A731 /* MoodTrackingView.swift in Sources */,
				5289E0792E8D5F6500254E70 /* AddWeightView.swift in Sources */,
				5289E07A2E8D5F6500254E70 /* WeightSettingsView.swift in Sources */,
				5289E07B2E8D5F6500254E70 /* HealthKitManager.swift in Sources */,
				5289E0812E8D700200254E70 /* HydrationHistoryView.swift in Sources */,
				5289E07D2E8D700000254E70 /* HydrationManager.swift in Sources */,
				5289E07F2E8D700100254E70 /* HydrationTrackingView.swift in Sources */,
				A1000003000000000000001 /* ContentView.swift in Sources */,
				A1000005000000000000001 /* HistoryView.swift in Sources */,
				A1000007000000000000001 /* FastingSession.swift in Sources */,
				A1000009000000000000001 /* FastingManager.swift in Sources */,
				5289E06D2E8D0DAD00254E70 /* InsightsView.swift in Sources */,
				A1000011000000000000001 /* NotificationManager.swift in Sources */,
				FF00000100000000000000A1 /* FastingStage.swift in Sources */,
				FF00000300000000000000A1 /* FastingStageDetailView.swift in Sources */,
				FF00000500000000000000A1 /* AnalyticsView.swift in Sources */,
			);
			runOnlyForDeploymentPostprocessing = 0;
		};
/* End PBXSourcesBuildPhase section */

/* Begin XCBuildConfiguration section */
		A1000027000000000000001 /* Debug */ = {
			isa = XCBuildConfiguration;
			buildSettings = {
				ALWAYS_SEARCH_USER_PATHS = NO;
				ASSETCATALOG_COMPILER_GENERATE_SWIFT_ASSET_SYMBOL_EXTENSIONS = YES;
				CLANG_ANALYZER_NONNULL = YES;
				CLANG_ANALYZER_NUMBER_OBJECT_CONVERSION = YES_AGGRESSIVE;
				CLANG_CXX_LANGUAGE_STANDARD = "gnu++20";
				CLANG_ENABLE_MODULES = YES;
				CLANG_ENABLE_OBJC_ARC = YES;
				CLANG_ENABLE_OBJC_WEAK = YES;
				CLANG_WARN_BLOCK_CAPTURE_AUTORELEASING = YES;
				CLANG_WARN_BOOL_CONVERSION = YES;
				CLANG_WARN_COMMA = YES;
				CLANG_WARN_CONSTANT_CONVERSION = YES;
				CLANG_WARN_DEPRECATED_OBJC_IMPLEMENTATIONS = YES;
				CLANG_WARN_DIRECT_OBJC_ISA_USAGE = YES_ERROR;
				CLANG_WARN_DOCUMENTATION_COMMENTS = YES;
				CLANG_WARN_EMPTY_BODY = YES;
				CLANG_WARN_ENUM_CONVERSION = YES;
				CLANG_WARN_INFINITE_RECURSION = YES;
				CLANG_WARN_INT_CONVERSION = YES;
				CLANG_WARN_NON_LITERAL_NULL_CONVERSION = YES;
				CLANG_WARN_OBJC_IMPLICIT_RETAIN_SELF = YES;
				CLANG_WARN_OBJC_LITERAL_CONVERSION = YES;
				CLANG_WARN_OBJC_ROOT_CLASS = YES_ERROR;
				CLANG_WARN_QUOTED_INCLUDE_IN_FRAMEWORK_HEADER = YES;
				CLANG_WARN_RANGE_LOOP_ANALYSIS = YES;
				CLANG_WARN_STRICT_PROTOTYPES = YES;
				CLANG_WARN_SUSPICIOUS_MOVE = YES;
				CLANG_WARN_UNGUARDED_AVAILABILITY = YES_AGGRESSIVE;
				CLANG_WARN_UNREACHABLE_CODE = YES;
				CLANG_WARN__DUPLICATE_METHOD_MATCH = YES;
				COPY_PHASE_STRIP = NO;
				DEBUG_INFORMATION_FORMAT = dwarf;
				DEVELOPMENT_TEAM = QDD5ZFGK2T;
				ENABLE_STRICT_OBJC_MSGSEND = YES;
				ENABLE_TESTABILITY = YES;
				ENABLE_USER_SCRIPT_SANDBOXING = YES;
				GCC_C_LANGUAGE_STANDARD = gnu17;
				GCC_DYNAMIC_NO_PIC = NO;
				GCC_NO_COMMON_BLOCKS = YES;
				GCC_OPTIMIZATION_LEVEL = 0;
				GCC_PREPROCESSOR_DEFINITIONS = (
					"DEBUG=1",
					"$(inherited)",
				);
				GCC_WARN_64_TO_32_BIT_CONVERSION = YES;
				GCC_WARN_ABOUT_RETURN_TYPE = YES_ERROR;
				GCC_WARN_UNDECLARED_SELECTOR = YES;
				GCC_WARN_UNINITIALIZED_AUTOS = YES_AGGRESSIVE;
				GCC_WARN_UNUSED_FUNCTION = YES;
				GCC_WARN_UNUSED_VARIABLE = YES;
				IPHONEOS_DEPLOYMENT_TARGET = 17.0;
				LOCALIZATION_PREFERS_STRING_CATALOGS = YES;
				MTL_ENABLE_DEBUG_INFO = INCLUDE_SOURCE;
				MTL_FAST_MATH = YES;
				ONLY_ACTIVE_ARCH = YES;
				SDKROOT = iphoneos;
				SWIFT_ACTIVE_COMPILATION_CONDITIONS = "DEBUG $(inherited)";
				SWIFT_OPTIMIZATION_LEVEL = "-Onone";
			};
			name = Debug;
		};
		A1000028000000000000001 /* Release */ = {
			isa = XCBuildConfiguration;
			buildSettings = {
				ALWAYS_SEARCH_USER_PATHS = NO;
				ASSETCATALOG_COMPILER_GENERATE_SWIFT_ASSET_SYMBOL_EXTENSIONS = YES;
				CLANG_ANALYZER_NONNULL = YES;
				CLANG_ANALYZER_NUMBER_OBJECT_CONVERSION = YES_AGGRESSIVE;
				CLANG_CXX_LANGUAGE_STANDARD = "gnu++20";
				CLANG_ENABLE_MODULES = YES;
				CLANG_ENABLE_OBJC_ARC = YES;
				CLANG_ENABLE_OBJC_WEAK = YES;
				CLANG_WARN_BLOCK_CAPTURE_AUTORELEASING = YES;
				CLANG_WARN_BOOL_CONVERSION = YES;
				CLANG_WARN_COMMA = YES;
				CLANG_WARN_CONSTANT_CONVERSION = YES;
				CLANG_WARN_DEPRECATED_OBJC_IMPLEMENTATIONS = YES;
				CLANG_WARN_DIRECT_OBJC_ISA_USAGE = YES_ERROR;
				CLANG_WARN_DOCUMENTATION_COMMENTS = YES;
				CLANG_WARN_EMPTY_BODY = YES;
				CLANG_WARN_ENUM_CONVERSION = YES;
				CLANG_WARN_INFINITE_RECURSION = YES;
				CLANG_WARN_INT_CONVERSION = YES;
				CLANG_WARN_NON_LITERAL_NULL_CONVERSION = YES;
				CLANG_WARN_OBJC_IMPLICIT_RETAIN_SELF = YES;
				CLANG_WARN_OBJC_LITERAL_CONVERSION = YES;
				CLANG_WARN_OBJC_ROOT_CLASS = YES_ERROR;
				CLANG_WARN_QUOTED_INCLUDE_IN_FRAMEWORK_HEADER = YES;
				CLANG_WARN_RANGE_LOOP_ANALYSIS = YES;
				CLANG_WARN_STRICT_PROTOTYPES = YES;
				CLANG_WARN_SUSPICIOUS_MOVE = YES;
				CLANG_WARN_UNGUARDED_AVAILABILITY = YES_AGGRESSIVE;
				CLANG_WARN_UNREACHABLE_CODE = YES;
				CLANG_WARN__DUPLICATE_METHOD_MATCH = YES;
				COPY_PHASE_STRIP = NO;
				DEBUG_INFORMATION_FORMAT = "dwarf-with-dsym";
				DEVELOPMENT_TEAM = QDD5ZFGK2T;
				ENABLE_NS_ASSERTIONS = NO;
				ENABLE_STRICT_OBJC_MSGSEND = YES;
				ENABLE_USER_SCRIPT_SANDBOXING = YES;
				GCC_C_LANGUAGE_STANDARD = gnu17;
				GCC_NO_COMMON_BLOCKS = YES;
				GCC_WARN_64_TO_32_BIT_CONVERSION = YES;
				GCC_WARN_ABOUT_RETURN_TYPE = YES_ERROR;
				GCC_WARN_UNDECLARED_SELECTOR = YES;
				GCC_WARN_UNINITIALIZED_AUTOS = YES_AGGRESSIVE;
				GCC_WARN_UNUSED_FUNCTION = YES;
				GCC_WARN_UNUSED_VARIABLE = YES;
				IPHONEOS_DEPLOYMENT_TARGET = 17.0;
				LOCALIZATION_PREFERS_STRING_CATALOGS = YES;
				MTL_ENABLE_DEBUG_INFO = NO;
				MTL_FAST_MATH = YES;
				SDKROOT = iphoneos;
				SWIFT_COMPILATION_MODE = wholemodule;
				VALIDATE_PRODUCT = YES;
			};
			name = Release;
		};
		A1000029000000000000001 /* Debug */ = {
			isa = XCBuildConfiguration;
			buildSettings = {
				ASSETCATALOG_COMPILER_APPICON_NAME = AppIcon;
				ASSETCATALOG_COMPILER_GLOBAL_ACCENT_COLOR_NAME = AccentColor;
				CODE_SIGN_ENTITLEMENTS = FastingTracker/FastingTracker.entitlements;
				CODE_SIGN_STYLE = Automatic;
				CURRENT_PROJECT_VERSION = 1;
				DEVELOPMENT_ASSET_PATHS = "";
				ENABLE_PREVIEWS = YES;
				GENERATE_INFOPLIST_FILE = NO;
				INFOPLIST_FILE = FastingTracker/Info.plist;
				INFOPLIST_KEY_UIApplicationSceneManifest_Generation = YES;
				INFOPLIST_KEY_UIApplicationSupportsIndirectInputEvents = YES;
				INFOPLIST_KEY_UILaunchScreen_Generation = YES;
				INFOPLIST_KEY_UISupportedInterfaceOrientations_iPad = "UIInterfaceOrientationPortrait UIInterfaceOrientationPortraitUpsideDown UIInterfaceOrientationLandscapeLeft UIInterfaceOrientationLandscapeRight";
				INFOPLIST_KEY_UISupportedInterfaceOrientations_iPhone = "UIInterfaceOrientationPortrait UIInterfaceOrientationLandscapeLeft UIInterfaceOrientationLandscapeRight";
				LD_RUNPATH_SEARCH_PATHS = (
					"$(inherited)",
					"@executable_path/Frameworks",
				);
				MARKETING_VERSION = 1.0;
				PRODUCT_BUNDLE_IDENTIFIER = com.fastlife.app;
				PRODUCT_NAME = "Fast lIFe";
				SWIFT_EMIT_LOC_STRINGS = YES;
				SWIFT_VERSION = 5.0;
				TARGETED_DEVICE_FAMILY = "1,2";
			};
			name = Debug;
		};
		A1000030000000000000001 /* Release */ = {
			isa = XCBuildConfiguration;
			buildSettings = {
				ASSETCATALOG_COMPILER_APPICON_NAME = AppIcon;
				ASSETCATALOG_COMPILER_GLOBAL_ACCENT_COLOR_NAME = AccentColor;
				CODE_SIGN_ENTITLEMENTS = FastingTracker/FastingTracker.entitlements;
				CODE_SIGN_STYLE = Automatic;
				CURRENT_PROJECT_VERSION = 1;
				DEVELOPMENT_ASSET_PATHS = "";
				ENABLE_PREVIEWS = YES;
				GENERATE_INFOPLIST_FILE = NO;
				INFOPLIST_FILE = FastingTracker/Info.plist;
				INFOPLIST_KEY_UIApplicationSceneManifest_Generation = YES;
				INFOPLIST_KEY_UIApplicationSupportsIndirectInputEvents = YES;
				INFOPLIST_KEY_UILaunchScreen_Generation = YES;
				INFOPLIST_KEY_UISupportedInterfaceOrientations_iPad = "UIInterfaceOrientationPortrait UIInterfaceOrientationPortraitUpsideDown UIInterfaceOrientationLandscapeLeft UIInterfaceOrientationLandscapeRight";
				INFOPLIST_KEY_UISupportedInterfaceOrientations_iPhone = "UIInterfaceOrientationPortrait UIInterfaceOrientationLandscapeLeft UIInterfaceOrientationLandscapeRight";
				LD_RUNPATH_SEARCH_PATHS = (
					"$(inherited)",
					"@executable_path/Frameworks",
				);
				MARKETING_VERSION = 1.0;
				PRODUCT_BUNDLE_IDENTIFIER = com.fastlife.app;
				PRODUCT_NAME = "Fast lIFe";
				SWIFT_EMIT_LOC_STRINGS = YES;
				SWIFT_VERSION = 5.0;
				TARGETED_DEVICE_FAMILY = "1,2";
			};
			name = Release;
		};
/* End XCBuildConfiguration section */

/* Begin XCConfigurationList section */
		A1000022000000000000001 /* Build configuration list for PBXNativeTarget "FastingTracker" */ = {
			isa = XCConfigurationList;
			buildConfigurations = (
				A1000029000000000000001 /* Debug */,
				A1000030000000000000001 /* Release */,
			);
			defaultConfigurationIsVisible = 0;
			defaultConfigurationName = Release;
		};
		A1000026000000000000001 /* Build configuration list for PBXProject "FastingTracker" */ = {
			isa = XCConfigurationList;
			buildConfigurations = (
				A1000027000000000000001 /* Debug */,
				A1000028000000000000001 /* Release */,
			);
			defaultConfigurationIsVisible = 0;
			defaultConfigurationName = Release;
		};
/* End XCConfigurationList section */
	};
	rootObject = A1000025000000000000001 /* Project object */;
}
